
Microsoft Visual Studio Solution File, Format Version 12.00
# Visual Studio Version 16
VisualStudioVersion = 16.0.31911.196
MinimumVisualStudioVersion = 10.0.40219.1
Project("{8BC9CEB8-8B4A-11D0-8D11-00A0C91BC942}") = "Ray-Tracer", "Ray-Tracer\Ray-Tracer.vcxproj", "{1F9B88A3-0B53-CAF0-745A-A34C603165E1}"
EndProject
Global
	GlobalSection(SolutionConfigurationPlatforms) = preSolution
		Debug|Win32 = Debug|Win32
		Debug|x64 = Debug|x64
		Debug|x86 = Debug|x86
		Dist|Win32 = Dist|Win32
		Dist|x64 = Dist|x64
		Dist|x86 = Dist|x86
		Release|Win32 = Release|Win32
		Release|x64 = Release|x64
		Release|x86 = Release|x86
	EndGlobalSection
	GlobalSection(ProjectConfigurationPlatforms) = postSolution
		{1F9B88A3-0B53-CAF0-745A-A34C603165E1}.Debug|Win32.ActiveCfg = Debug|Win32
		{1F9B88A3-0B53-CAF0-745A-A34C603165E1}.Debug|Win32.Build.0 = Debug|Win32
		{1F9B88A3-0B53-CAF0-745A-A34C603165E1}.Debug|x64.ActiveCfg = Debug|x64
		{1F9B88A3-0B53-CAF0-745A-A34C603165E1}.Debug|x64.Build.0 = Debug|x64
		{1F9B88A3-0B53-CAF0-745A-A34C603165E1}.Debug|x86.ActiveCfg = Debug|Win32
		{1F9B88A3-0B53-CAF0-745A-A34C603165E1}.Debug|x86.Build.0 = Debug|Win32
		{1F9B88A3-0B53-CAF0-745A-A34C603165E1}.Dist|Win32.ActiveCfg = Dist|Win32
		{1F9B88A3-0B53-CAF0-745A-A34C603165E1}.Dist|Win32.Build.0 = Dist|Win32
		{1F9B88A3-0B53-CAF0-745A-A34C603165E1}.Dist|x64.ActiveCfg = Dist|x64
		{1F9B88A3-0B53-CAF0-745A-A34C603165E1}.Dist|x64.Build.0 = Dist|x64
		{1F9B88A3-0B53-CAF0-745A-A34C603165E1}.Dist|x86.ActiveCfg = Dist|Win32
		{1F9B88A3-0B53-CAF0-745A-A34C603165E1}.Dist|x86.Build.0 = Dist|Win32
		{1F9B88A3-0B53-CAF0-745A-A34C603165E1}.Release|Win32.ActiveCfg = Release|Win32
		{1F9B88A3-0B53-CAF0-745A-A34C603165E1}.Release|Win32.Build.0 = Release|Win32
		{1F9B88A3-0B53-CAF0-745A-A34C603165E1}.Release|x64.ActiveCfg = Release|x64
		{1F9B88A3-0B53-CAF0-745A-A34C603165E1}.Release|x64.Build.0 = Release|x64
		{1F9B88A3-0B53-CAF0-745A-A34C603165E1}.Release|x86.ActiveCfg = Release|Win32
		{1F9B88A3-0B53-CAF0-745A-A34C603165E1}.Release|x86.Build.0 = Release|Win32
	EndGlobalSection
	GlobalSection(SolutionProperties) = preSolution
		HideSolutionNode = FALSE
	EndGlobalSection
	GlobalSection(ExtensibilityGlobals) = postSolution
		SolutionGuid = {9D3024CD-E866-4621-A5BD-95BFF91B1CBA}
	EndGlobalSection
EndGlobal
